<?xml version="1.0" encoding="utf-8"?>
<Project ToolsVersion="4.0" xmlns="http://schemas.microsoft.com/developer/msbuild/2003">
  <ItemGroup>
    <ClCompile Include="AddGrades.cpp" />
    <ClCompile Include="Dashboard.cpp" />
    <ClCompile Include="EnrollmentForm.cpp" />
    <ClCompile Include="GenerateReports.cpp" />
    <ClCompile Include="Login.cpp" />
    <ClCompile Include="ManageCourses.cpp" />
    <ClCompile Include="ManageFaculty.cpp" />
    <ClCompile Include="ManageFinancials.cpp" />
    <ClCompile Include="ManageStudents.cpp" />
    <ClCompile Include="PayFees.cpp" />
    <ClCompile Include="RosterView.cpp" />
    <ClCompile Include="Sign Up.cpp" />
    <ClCompile Include="UpdateProfile.cpp" />
    <ClCompile Include="ViewGrades.cpp" />
    <ClCompile Include="ViewSchedule.cpp" />
  </ItemGroup>
  <ItemGroup>
    <ClInclude Include="AddGrades.h" />
    <ClInclude Include="Dashboard.h" />
    <ClInclude Include="EnrollmentForm.h" />
    <ClInclude Include="GenerateReports.h" />
    <ClInclude Include="ManageCourses.h" />
    <ClInclude Include="ManageFaculty.h" />
    <ClInclude Include="ManageFinancials.h" />
    <ClInclude Include="ManageStudents.h" />
    <ClInclude Include="PayFees.h" />
    <ClInclude Include="RosterView.h" />
    <ClInclude Include="Sign Up.h" />
    <ClInclude Include="Login.h" />
    <ClInclude Include="UpdateProfile.h" />
    <ClInclude Include="ViewGrades.h" />
    <ClInclude Include="ViewSchedule.h" />
  </ItemGroup>
</Project>